# This file is automatically @generated by Cargo.
# It is not intended for manual editing.
version = 4

[[package]]
name = "line-index"
version = "0.1.2"
source = "registry+https://github.com/rust-lang/crates.io-index"
checksum = "3e27e0ed5a392a7f5ba0b3808a2afccff16c64933312c84b57618b49d1209bd2"
dependencies = [
 "nohash-hasher",
 "text-size",
]

[[package]]
name = "marble"
version = "0.1.0"
dependencies = [
 "line-index",
]

[[package]]
name = "nohash-hasher"
version = "0.2.0"
source = "registry+https://github.com/rust-lang/crates.io-index"
checksum = "2bf50223579dc7cdcfb3bfcacf7069ff68243f8c363f62ffa99cf000a6b9c451"

[[package]]
name = "text-size"
version = "1.1.1"
source = "registry+https://github.com/rust-lang/crates.io-index"
checksum = "f18aa187839b2bdb1ad2fa35ead8c4c2976b64e4363c386d45ac0f7ee85c9233"
